
Microsoft Visual Studio Solution File, Format Version 12.00
# Visual Studio 15
VisualStudioVersion = 15.0.28307.136
MinimumVisualStudioVersion = 10.0.40219.1
Project("{FAE04EC0-301F-11D3-BF4B-00C04F79EFBC}") = "LibraryManagementProject", "LibraryManagementProject\LibraryManagementProject.csproj", "{290A60D3-3B8C-48FC-BA24-18C9903F895B}"
EndProject
Global
	GlobalSection(SolutionConfigurationPlatforms) = preSolution
		Debug|Any CPU = Debug|Any CPU
		Release|Any CPU = Release|Any CPU
	EndGlobalSection
	GlobalSection(ProjectConfigurationPlatforms) = postSolution
		{290A60D3-3B8C-48FC-BA24-18C9903F895B}.Debug|Any CPU.ActiveCfg = Debug|Any CPU
		{290A60D3-3B8C-48FC-BA24-18C9903F895B}.Debug|Any CPU.Build.0 = Debug|Any CPU
		{290A60D3-3B8C-48FC-BA24-18C9903F895B}.Release|Any CPU.ActiveCfg = Release|Any CPU
		{290A60D3-3B8C-48FC-BA24-18C9903F895B}.Release|Any CPU.Build.0 = Release|Any CPU
	EndGlobalSection
	GlobalSection(SolutionProperties) = preSolution
		HideSolutionNode = FALSE
	EndGlobalSection
	GlobalSection(ExtensibilityGlobals) = postSolution
		SolutionGuid = {DC38DD33-F615-4778-A80E-5D852ACA9FC2}
	EndGlobalSection
EndGlobal
